
Microsoft Visual Studio Solution File, Format Version 10.00
# Visual C# Express 2008
Project("{FAE04EC0-301F-11D3-BF4B-00C04F79EFBC}") = "RegexUseCase", "RegexUseCase.csproj", "{522B9774-2ABB-430D-9DC9-3C9BE4303F14}"
EndProject
Global
	GlobalSection(SolutionConfigurationPlatforms) = preSolution
		Debug|Any CPU = Debug|Any CPU
		Release|Any CPU = Release|Any CPU
	EndGlobalSection
	GlobalSection(ProjectConfigurationPlatforms) = postSolution
		{522B9774-2ABB-430D-9DC9-3C9BE4303F14}.Debug|Any CPU.ActiveCfg = Debug|Any CPU
		{522B9774-2ABB-430D-9DC9-3C9BE4303F14}.Debug|Any CPU.Build.0 = Debug|Any CPU
		{522B9774-2ABB-430D-9DC9-3C9BE4303F14}.Release|Any CPU.ActiveCfg = Release|Any CPU
		{522B9774-2ABB-430D-9DC9-3C9BE4303F14}.Release|Any CPU.Build.0 = Release|Any CPU
	EndGlobalSection
	GlobalSection(SolutionProperties) = preSolution
		HideSolutionNode = FALSE
	EndGlobalSection
EndGlobal
